
Microsoft Visual Studio Solution File, Format Version 12.00
# Visual Studio 2012
Project("{FAE04EC0-301F-11D3-BF4B-00C04F79EFBC}") = "Eventabrechnung", "Eventabrechnung\Eventabrechnung.csproj", "{BBC74EB8-C917-43BD-A7AE-9D6B8E43470C}"
EndProject
Global
	GlobalSection(SolutionConfigurationPlatforms) = preSolution
		Debug|Any CPU = Debug|Any CPU
		Release|Any CPU = Release|Any CPU
	EndGlobalSection
	GlobalSection(ProjectConfigurationPlatforms) = postSolution
		{BBC74EB8-C917-43BD-A7AE-9D6B8E43470C}.Debug|Any CPU.ActiveCfg = Debug|Any CPU
		{BBC74EB8-C917-43BD-A7AE-9D6B8E43470C}.Debug|Any CPU.Build.0 = Debug|Any CPU
		{BBC74EB8-C917-43BD-A7AE-9D6B8E43470C}.Release|Any CPU.ActiveCfg = Release|Any CPU
		{BBC74EB8-C917-43BD-A7AE-9D6B8E43470C}.Release|Any CPU.Build.0 = Release|Any CPU
	EndGlobalSection
	GlobalSection(SolutionProperties) = preSolution
		HideSolutionNode = FALSE
	EndGlobalSection
EndGlobal
